
Microsoft Visual Studio Solution File, Format Version 12.00
# Visual Studio Version 17
VisualStudioVersion = 17.10.34916.146
MinimumVisualStudioVersion = 10.0.40219.1
Project("{FAE04EC0-301F-11D3-BF4B-00C04F79EFBC}") = "Aleksei Spiridonov OOP Final Project", "Aleksei Spiridonov OOP Final Project\Aleksei Spiridonov OOP Final Project.csproj", "{35B5A506-3AAE-424F-AB80-4D927713E16C}"
EndProject
Global
	GlobalSection(SolutionConfigurationPlatforms) = preSolution
		Debug|Any CPU = Debug|Any CPU
		Release|Any CPU = Release|Any CPU
	EndGlobalSection
	GlobalSection(ProjectConfigurationPlatforms) = postSolution
		{35B5A506-3AAE-424F-AB80-4D927713E16C}.Debug|Any CPU.ActiveCfg = Debug|Any CPU
		{35B5A506-3AAE-424F-AB80-4D927713E16C}.Debug|Any CPU.Build.0 = Debug|Any CPU
		{35B5A506-3AAE-424F-AB80-4D927713E16C}.Release|Any CPU.ActiveCfg = Release|Any CPU
		{35B5A506-3AAE-424F-AB80-4D927713E16C}.Release|Any CPU.Build.0 = Release|Any CPU
	EndGlobalSection
	GlobalSection(SolutionProperties) = preSolution
		HideSolutionNode = FALSE
	EndGlobalSection
	GlobalSection(ExtensibilityGlobals) = postSolution
		SolutionGuid = {8522DAAE-7636-44FE-AF23-F354C208D8C1}
	EndGlobalSection
EndGlobal
